Microsoft Visual Studio Solution File, Format Version 12.00
# Visual Studio Version 17
VisualStudioVersion = 17.5.2.0
MinimumVisualStudioVersion = 10.0.40219.1
Project("{FAE04EC0-301F-11D3-BF4B-00C04F79EFBC}") = "AdvanceFiltringSytem", "AdvanceFiltringSytem.csproj", "{F787115E-0FEF-6307-DAF8-5AE4101BFCA2}"
EndProject
Global
	GlobalSection(SolutionConfigurationPlatforms) = preSolution
		Debug|Any CPU = Debug|Any CPU
		Release|Any CPU = Release|Any CPU
	EndGlobalSection
	GlobalSection(ProjectConfigurationPlatforms) = postSolution
		{F787115E-0FEF-6307-DAF8-5AE4101BFCA2}.Debug|Any CPU.ActiveCfg = Debug|Any CPU
		{F787115E-0FEF-6307-DAF8-5AE4101BFCA2}.Debug|Any CPU.Build.0 = Debug|Any CPU
		{F787115E-0FEF-6307-DAF8-5AE4101BFCA2}.Release|Any CPU.ActiveCfg = Release|Any CPU
		{F787115E-0FEF-6307-DAF8-5AE4101BFCA2}.Release|Any CPU.Build.0 = Release|Any CPU
	EndGlobalSection
	GlobalSection(SolutionProperties) = preSolution
		HideSolutionNode = FALSE
	EndGlobalSection
	GlobalSection(ExtensibilityGlobals) = postSolution
		SolutionGuid = {F6CBCF26-6428-48C0-979A-4D1BC25B3B04}
	EndGlobalSection
EndGlobal
